
Microsoft Visual Studio Solution File, Format Version 12.00
# Visual Studio 15
VisualStudioVersion = 15.0.26906.1
MinimumVisualStudioVersion = 10.0.40219.1
Project("{2150E333-8FDC-42A3-9474-1A3956D46DE8}") = "Tests", "Tests", "{018C277C-518E-4014-85D0-C3A543AFBC0D}"
EndProject
Project("{A07B5EB6-E848-4116-A8D0-A826331D98C6}") = "Tailspin", "Tailspin\Tailspin.sfproj", "{E4B4287B-F19D-4C12-9C24-71699C395EB0}"
EndProject
Project("{9A19103F-16F7-4668-BE54-9A1E7A4F7556}") = "Tailspin.Web.Survey.Public", "Tailspin.Web.Survey.Public\Tailspin.Web.Survey.Public.csproj", "{DE765B17-801E-48B7-9675-541C68FBF81D}"
EndProject
Project("{9A19103F-16F7-4668-BE54-9A1E7A4F7556}") = "Tailspin.Web.Survey.Public.Tests", "Tailspin.Web.Survey.Public.Tests\Tailspin.Web.Survey.Public.Tests.csproj", "{164C5693-0297-43BF-A36C-0C562EA7A4ED}"
EndProject
Project("{9A19103F-16F7-4668-BE54-9A1E7A4F7556}") = "Tailspin.Web", "Tailspin.Web\Tailspin.Web.csproj", "{BD6BA942-ECB5-4DA3-A118-23EA33C08EF2}"
EndProject
Project("{9A19103F-16F7-4668-BE54-9A1E7A4F7556}") = "Tailspin.Web.Tests", "Tailspin.Web.Tests\Tailspin.Web.Tests.csproj", "{BA579B1B-91E5-43EA-967D-3930D9A47652}"
EndProject
Project("{9A19103F-16F7-4668-BE54-9A1E7A4F7556}") = "Tailspin.Web.Shared", "Tailspin.Web.Shared\Tailspin.Web.Shared.csproj", "{3F2C2927-B0B3-475D-9F0B-2BFBD9EB453E}"
EndProject
Project("{9A19103F-16F7-4668-BE54-9A1E7A4F7556}") = "Tailspin.Web.Shared.Tests", "Tailspin.Web.Shared.Tests\Tailspin.Web.Shared.Tests.csproj", "{23D8D281-AD8E-4AD2-9708-5EFFFB5CE2E2}"
EndProject
Project("{9A19103F-16F7-4668-BE54-9A1E7A4F7556}") = "Tailspin.SurveyAnalysisService", "Tailspin.SurveyAnalysisService\Tailspin.SurveyAnalysisService.csproj", "{774ED658-2837-49A0-991E-1C85CFEE729E}"
EndProject
Project("{9A19103F-16F7-4668-BE54-9A1E7A4F7556}") = "Tailspin.SurveyAnswerService", "Tailspin.SurveyAnswerService\Tailspin.SurveyAnswerService.csproj", "{9385AE9C-2344-4427-BC20-3F77A9B2BEC5}"
EndProject
Project("{9A19103F-16F7-4668-BE54-9A1E7A4F7556}") = "Tailspin.SurveyManagementService", "Tailspin.SurveyManagementService\Tailspin.SurveyManagementService.csproj", "{C434CDCA-9A18-4052-B3C3-F7B53D178FB8}"
EndProject
Project("{FAE04EC0-301F-11D3-BF4B-00C04F79EFBC}") = "Tailspin.SurveyAnalysisService.Client", "Tailspin.SurveyAnalysisService.Client\Tailspin.SurveyAnalysisService.Client.csproj", "{F1BDB7F3-A26E-408C-965C-1F3DDBBC4050}"
EndProject
Project("{FAE04EC0-301F-11D3-BF4B-00C04F79EFBC}") = "Tailspin.SurveyAnswerService.Client", "Tailspin.SurveyAnswerService.Client\Tailspin.SurveyAnswerService.Client.csproj", "{EF605291-5F8C-4ABB-B6D7-4BA5D61E0C4D}"
EndProject
Project("{FAE04EC0-301F-11D3-BF4B-00C04F79EFBC}") = "Tailspin.SurveyManagementService.Client", "Tailspin.SurveyManagementService.Client\Tailspin.SurveyManagementService.Client.csproj", "{59ECCD65-4194-45D7-9F3A-F318C80E2EEA}"
EndProject
Project("{FAE04EC0-301F-11D3-BF4B-00C04F79EFBC}") = "Tailspin.Shared", "Tailspin.Shared\Tailspin.Shared.csproj", "{DCF36252-3774-4517-8913-9869E912D4CD}"
EndProject
Project("{2150E333-8FDC-42A3-9474-1A3956D46DE8}") = "Libs", "Libs", "{9A7AEBD2-4409-49C1-9187-296F1F7B39BC}"
EndProject
Project("{2150E333-8FDC-42A3-9474-1A3956D46DE8}") = "Clients", "Clients", "{51D45B67-1B64-4F75-B07B-A36341DFEEAF}"
EndProject
Project("{2150E333-8FDC-42A3-9474-1A3956D46DE8}") = "Services", "Services", "{C51785D8-4D9F-4EA3-A027-E6C27C40552D}"
EndProject
Project("{2150E333-8FDC-42A3-9474-1A3956D46DE8}") = "Frontends", "Frontends", "{73FA3BEF-3A2B-4B80-B108-0525980FF10F}"
EndProject
Project("{FAE04EC0-301F-11D3-BF4B-00C04F79EFBC}") = "Tailspin.SurveyResponseService", "Tailspin.SurveyResponseService\Tailspin.SurveyResponseService.csproj", "{6D6E1DCD-218A-4466-B5C6-7CA5E7C8A7F7}"
EndProject
Project("{FAE04EC0-301F-11D3-BF4B-00C04F79EFBC}") = "Tailspin.SurveyResponseService.Client", "Tailspin.SurveyResponseService.Client\Tailspin.SurveyResponseService.Client.csproj", "{575BDF12-FB5F-4890-89FD-8FB0C3328338}"
EndProject
Global
	GlobalSection(SolutionConfigurationPlatforms) = preSolution
		Debug|Any CPU = Debug|Any CPU
		Debug|x64 = Debug|x64
		Release|Any CPU = Release|Any CPU
		Release|x64 = Release|x64
	EndGlobalSection
	GlobalSection(ProjectConfigurationPlatforms) = postSolution
		{E4B4287B-F19D-4C12-9C24-71699C395EB0}.Debug|Any CPU.ActiveCfg = Debug|x64
		{E4B4287B-F19D-4C12-9C24-71699C395EB0}.Debug|Any CPU.Build.0 = Debug|x64
		{E4B4287B-F19D-4C12-9C24-71699C395EB0}.Debug|Any CPU.Deploy.0 = Debug|x64
		{E4B4287B-F19D-4C12-9C24-71699C395EB0}.Debug|x64.ActiveCfg = Debug|x64
		{E4B4287B-F19D-4C12-9C24-71699C395EB0}.Debug|x64.Build.0 = Debug|x64
		{E4B4287B-F19D-4C12-9C24-71699C395EB0}.Debug|x64.Deploy.0 = Debug|x64
		{E4B4287B-F19D-4C12-9C24-71699C395EB0}.Release|Any CPU.ActiveCfg = Release|x64
		{E4B4287B-F19D-4C12-9C24-71699C395EB0}.Release|Any CPU.Build.0 = Release|x64
		{E4B4287B-F19D-4C12-9C24-71699C395EB0}.Release|Any CPU.Deploy.0 = Release|x64
		{E4B4287B-F19D-4C12-9C24-71699C395EB0}.Release|x64.ActiveCfg = Release|x64
		{E4B4287B-F19D-4C12-9C24-71699C395EB0}.Release|x64.Build.0 = Release|x64
		{E4B4287B-F19D-4C12-9C24-71699C395EB0}.Release|x64.Deploy.0 = Release|x64
		{DE765B17-801E-48B7-9675-541C68FBF81D}.Debug|Any CPU.ActiveCfg = Debug|Any CPU
		{DE765B17-801E-48B7-9675-541C68FBF81D}.Debug|Any CPU.Build.0 = Debug|Any CPU
		{DE765B17-801E-48B7-9675-541C68FBF81D}.Debug|x64.ActiveCfg = Debug|Any CPU
		{DE765B17-801E-48B7-9675-541C68FBF81D}.Debug|x64.Build.0 = Debug|Any CPU
		{DE765B17-801E-48B7-9675-541C68FBF81D}.Release|Any CPU.ActiveCfg = Release|Any CPU
		{DE765B17-801E-48B7-9675-541C68FBF81D}.Release|Any CPU.Build.0 = Release|Any CPU
		{DE765B17-801E-48B7-9675-541C68FBF81D}.Release|x64.ActiveCfg = Release|Any CPU
		{DE765B17-801E-48B7-9675-541C68FBF81D}.Release|x64.Build.0 = Release|Any CPU
		{164C5693-0297-43BF-A36C-0C562EA7A4ED}.Debug|Any CPU.ActiveCfg = Debug|Any CPU
		{164C5693-0297-43BF-A36C-0C562EA7A4ED}.Debug|Any CPU.Build.0 = Debug|Any CPU
		{164C5693-0297-43BF-A36C-0C562EA7A4ED}.Debug|x64.ActiveCfg = Debug|Any CPU
		{164C5693-0297-43BF-A36C-0C562EA7A4ED}.Debug|x64.Build.0 = Debug|Any CPU
		{164C5693-0297-43BF-A36C-0C562EA7A4ED}.Release|Any CPU.ActiveCfg = Release|Any CPU
		{164C5693-0297-43BF-A36C-0C562EA7A4ED}.Release|Any CPU.Build.0 = Release|Any CPU
		{164C5693-0297-43BF-A36C-0C562EA7A4ED}.Release|x64.ActiveCfg = Release|Any CPU
		{164C5693-0297-43BF-A36C-0C562EA7A4ED}.Release|x64.Build.0 = Release|Any CPU
		{BD6BA942-ECB5-4DA3-A118-23EA33C08EF2}.Debug|Any CPU.ActiveCfg = Debug|Any CPU
		{BD6BA942-ECB5-4DA3-A118-23EA33C08EF2}.Debug|Any CPU.Build.0 = Debug|Any CPU
		{BD6BA942-ECB5-4DA3-A118-23EA33C08EF2}.Debug|x64.ActiveCfg = Debug|Any CPU
		{BD6BA942-ECB5-4DA3-A118-23EA33C08EF2}.Debug|x64.Build.0 = Debug|Any CPU
		{BD6BA942-ECB5-4DA3-A118-23EA33C08EF2}.Release|Any CPU.ActiveCfg = Release|Any CPU
		{BD6BA942-ECB5-4DA3-A118-23EA33C08EF2}.Release|Any CPU.Build.0 = Release|Any CPU
		{BD6BA942-ECB5-4DA3-A118-23EA33C08EF2}.Release|x64.ActiveCfg = Release|Any CPU
		{BD6BA942-ECB5-4DA3-A118-23EA33C08EF2}.Release|x64.Build.0 = Release|Any CPU
		{BA579B1B-91E5-43EA-967D-3930D9A47652}.Debug|Any CPU.ActiveCfg = Debug|Any CPU
		{BA579B1B-91E5-43EA-967D-3930D9A47652}.Debug|Any CPU.Build.0 = Debug|Any CPU
		{BA579B1B-91E5-43EA-967D-3930D9A47652}.Debug|x64.ActiveCfg = Debug|Any CPU
		{BA579B1B-91E5-43EA-967D-3930D9A47652}.Debug|x64.Build.0 = Debug|Any CPU
		{BA579B1B-91E5-43EA-967D-3930D9A47652}.Release|Any CPU.ActiveCfg = Release|Any CPU
		{BA579B1B-91E5-43EA-967D-3930D9A47652}.Release|Any CPU.Build.0 = Release|Any CPU
		{BA579B1B-91E5-43EA-967D-3930D9A47652}.Release|x64.ActiveCfg = Release|Any CPU
		{BA579B1B-91E5-43EA-967D-3930D9A47652}.Release|x64.Build.0 = Release|Any CPU
		{3F2C2927-B0B3-475D-9F0B-2BFBD9EB453E}.Debug|Any CPU.ActiveCfg = Debug|Any CPU
		{3F2C2927-B0B3-475D-9F0B-2BFBD9EB453E}.Debug|Any CPU.Build.0 = Debug|Any CPU
		{3F2C2927-B0B3-475D-9F0B-2BFBD9EB453E}.Debug|x64.ActiveCfg = Debug|Any CPU
		{3F2C2927-B0B3-475D-9F0B-2BFBD9EB453E}.Debug|x64.Build.0 = Debug|Any CPU
		{3F2C2927-B0B3-475D-9F0B-2BFBD9EB453E}.Release|Any CPU.ActiveCfg = Release|Any CPU
		{3F2C2927-B0B3-475D-9F0B-2BFBD9EB453E}.Release|Any CPU.Build.0 = Release|Any CPU
		{3F2C2927-B0B3-475D-9F0B-2BFBD9EB453E}.Release|x64.ActiveCfg = Release|Any CPU
		{3F2C2927-B0B3-475D-9F0B-2BFBD9EB453E}.Release|x64.Build.0 = Release|Any CPU
		{23D8D281-AD8E-4AD2-9708-5EFFFB5CE2E2}.Debug|Any CPU.ActiveCfg = Debug|Any CPU
		{23D8D281-AD8E-4AD2-9708-5EFFFB5CE2E2}.Debug|Any CPU.Build.0 = Debug|Any CPU
		{23D8D281-AD8E-4AD2-9708-5EFFFB5CE2E2}.Debug|x64.ActiveCfg = Debug|Any CPU
		{23D8D281-AD8E-4AD2-9708-5EFFFB5CE2E2}.Debug|x64.Build.0 = Debug|Any CPU
		{23D8D281-AD8E-4AD2-9708-5EFFFB5CE2E2}.Release|Any CPU.ActiveCfg = Release|Any CPU
		{23D8D281-AD8E-4AD2-9708-5EFFFB5CE2E2}.Release|Any CPU.Build.0 = Release|Any CPU
		{23D8D281-AD8E-4AD2-9708-5EFFFB5CE2E2}.Release|x64.ActiveCfg = Release|Any CPU
		{23D8D281-AD8E-4AD2-9708-5EFFFB5CE2E2}.Release|x64.Build.0 = Release|Any CPU
		{774ED658-2837-49A0-991E-1C85CFEE729E}.Debug|Any CPU.ActiveCfg = Debug|Any CPU
		{774ED658-2837-49A0-991E-1C85CFEE729E}.Debug|Any CPU.Build.0 = Debug|Any CPU
		{774ED658-2837-49A0-991E-1C85CFEE729E}.Debug|x64.ActiveCfg = Debug|Any CPU
		{774ED658-2837-49A0-991E-1C85CFEE729E}.Debug|x64.Build.0 = Debug|Any CPU
		{774ED658-2837-49A0-991E-1C85CFEE729E}.Release|Any CPU.ActiveCfg = Release|Any CPU
		{774ED658-2837-49A0-991E-1C85CFEE729E}.Release|Any CPU.Build.0 = Release|Any CPU
		{774ED658-2837-49A0-991E-1C85CFEE729E}.Release|x64.ActiveCfg = Release|Any CPU
		{774ED658-2837-49A0-991E-1C85CFEE729E}.Release|x64.Build.0 = Release|Any CPU
		{9385AE9C-2344-4427-BC20-3F77A9B2BEC5}.Debug|Any CPU.ActiveCfg = Debug|Any CPU
		{9385AE9C-2344-4427-BC20-3F77A9B2BEC5}.Debug|Any CPU.Build.0 = Debug|Any CPU
		{9385AE9C-2344-4427-BC20-3F77A9B2BEC5}.Debug|x64.ActiveCfg = Debug|Any CPU
		{9385AE9C-2344-4427-BC20-3F77A9B2BEC5}.Debug|x64.Build.0 = Debug|Any CPU
		{9385AE9C-2344-4427-BC20-3F77A9B2BEC5}.Release|Any CPU.ActiveCfg = Release|Any CPU
		{9385AE9C-2344-4427-BC20-3F77A9B2BEC5}.Release|Any CPU.Build.0 = Release|Any CPU
		{9385AE9C-2344-4427-BC20-3F77A9B2BEC5}.Release|x64.ActiveCfg = Release|Any CPU
		{9385AE9C-2344-4427-BC20-3F77A9B2BEC5}.Release|x64.Build.0 = Release|Any CPU
		{C434CDCA-9A18-4052-B3C3-F7B53D178FB8}.Debug|Any CPU.ActiveCfg = Debug|Any CPU
		{C434CDCA-9A18-4052-B3C3-F7B53D178FB8}.Debug|Any CPU.Build.0 = Debug|Any CPU
		{C434CDCA-9A18-4052-B3C3-F7B53D178FB8}.Debug|x64.ActiveCfg = Debug|Any CPU
		{C434CDCA-9A18-4052-B3C3-F7B53D178FB8}.Debug|x64.Build.0 = Debug|Any CPU
		{C434CDCA-9A18-4052-B3C3-F7B53D178FB8}.Release|Any CPU.ActiveCfg = Release|Any CPU
		{C434CDCA-9A18-4052-B3C3-F7B53D178FB8}.Release|Any CPU.Build.0 = Release|Any CPU
		{C434CDCA-9A18-4052-B3C3-F7B53D178FB8}.Release|x64.ActiveCfg = Release|Any CPU
		{C434CDCA-9A18-4052-B3C3-F7B53D178FB8}.Release|x64.Build.0 = Release|Any CPU
		{F1BDB7F3-A26E-408C-965C-1F3DDBBC4050}.Debug|Any CPU.ActiveCfg = Debug|Any CPU
		{F1BDB7F3-A26E-408C-965C-1F3DDBBC4050}.Debug|Any CPU.Build.0 = Debug|Any CPU
		{F1BDB7F3-A26E-408C-965C-1F3DDBBC4050}.Debug|x64.ActiveCfg = Debug|x64
		{F1BDB7F3-A26E-408C-965C-1F3DDBBC4050}.Debug|x64.Build.0 = Debug|x64
		{F1BDB7F3-A26E-408C-965C-1F3DDBBC4050}.Release|Any CPU.ActiveCfg = Release|Any CPU
		{F1BDB7F3-A26E-408C-965C-1F3DDBBC4050}.Release|Any CPU.Build.0 = Release|Any CPU
		{F1BDB7F3-A26E-408C-965C-1F3DDBBC4050}.Release|x64.ActiveCfg = Release|x64
		{F1BDB7F3-A26E-408C-965C-1F3DDBBC4050}.Release|x64.Build.0 = Release|x64
		{EF605291-5F8C-4ABB-B6D7-4BA5D61E0C4D}.Debug|Any CPU.ActiveCfg = Debug|Any CPU
		{EF605291-5F8C-4ABB-B6D7-4BA5D61E0C4D}.Debug|Any CPU.Build.0 = Debug|Any CPU
		{EF605291-5F8C-4ABB-B6D7-4BA5D61E0C4D}.Debug|x64.ActiveCfg = Debug|x64
		{EF605291-5F8C-4ABB-B6D7-4BA5D61E0C4D}.Debug|x64.Build.0 = Debug|x64
		{EF605291-5F8C-4ABB-B6D7-4BA5D61E0C4D}.Release|Any CPU.ActiveCfg = Release|Any CPU
		{EF605291-5F8C-4ABB-B6D7-4BA5D61E0C4D}.Release|Any CPU.Build.0 = Release|Any CPU
		{EF605291-5F8C-4ABB-B6D7-4BA5D61E0C4D}.Release|x64.ActiveCfg = Release|x64
		{EF605291-5F8C-4ABB-B6D7-4BA5D61E0C4D}.Release|x64.Build.0 = Release|x64
		{59ECCD65-4194-45D7-9F3A-F318C80E2EEA}.Debug|Any CPU.ActiveCfg = Debug|Any CPU
		{59ECCD65-4194-45D7-9F3A-F318C80E2EEA}.Debug|Any CPU.Build.0 = Debug|Any CPU
		{59ECCD65-4194-45D7-9F3A-F318C80E2EEA}.Debug|x64.ActiveCfg = Debug|x64
		{59ECCD65-4194-45D7-9F3A-F318C80E2EEA}.Debug|x64.Build.0 = Debug|x64
		{59ECCD65-4194-45D7-9F3A-F318C80E2EEA}.Release|Any CPU.ActiveCfg = Release|Any CPU
		{59ECCD65-4194-45D7-9F3A-F318C80E2EEA}.Release|Any CPU.Build.0 = Release|Any CPU
		{59ECCD65-4194-45D7-9F3A-F318C80E2EEA}.Release|x64.ActiveCfg = Release|x64
		{59ECCD65-4194-45D7-9F3A-F318C80E2EEA}.Release|x64.Build.0 = Release|x64
		{DCF36252-3774-4517-8913-9869E912D4CD}.Debug|Any CPU.ActiveCfg = Debug|Any CPU
		{DCF36252-3774-4517-8913-9869E912D4CD}.Debug|Any CPU.Build.0 = Debug|Any CPU
		{DCF36252-3774-4517-8913-9869E912D4CD}.Debug|x64.ActiveCfg = Debug|Any CPU
		{DCF36252-3774-4517-8913-9869E912D4CD}.Debug|x64.Build.0 = Debug|Any CPU
		{DCF36252-3774-4517-8913-9869E912D4CD}.Release|Any CPU.ActiveCfg = Release|Any CPU
		{DCF36252-3774-4517-8913-9869E912D4CD}.Release|Any CPU.Build.0 = Release|Any CPU
		{DCF36252-3774-4517-8913-9869E912D4CD}.Release|x64.ActiveCfg = Release|Any CPU
		{DCF36252-3774-4517-8913-9869E912D4CD}.Release|x64.Build.0 = Release|Any CPU
		{6D6E1DCD-218A-4466-B5C6-7CA5E7C8A7F7}.Debug|Any CPU.ActiveCfg = Debug|Any CPU
		{6D6E1DCD-218A-4466-B5C6-7CA5E7C8A7F7}.Debug|Any CPU.Build.0 = Debug|Any CPU
		{6D6E1DCD-218A-4466-B5C6-7CA5E7C8A7F7}.Debug|x64.ActiveCfg = Debug|Any CPU
		{6D6E1DCD-218A-4466-B5C6-7CA5E7C8A7F7}.Debug|x64.Build.0 = Debug|Any CPU
		{6D6E1DCD-218A-4466-B5C6-7CA5E7C8A7F7}.Release|Any CPU.ActiveCfg = Release|Any CPU
		{6D6E1DCD-218A-4466-B5C6-7CA5E7C8A7F7}.Release|Any CPU.Build.0 = Release|Any CPU
		{6D6E1DCD-218A-4466-B5C6-7CA5E7C8A7F7}.Release|x64.ActiveCfg = Release|Any CPU
		{6D6E1DCD-218A-4466-B5C6-7CA5E7C8A7F7}.Release|x64.Build.0 = Release|Any CPU
		{575BDF12-FB5F-4890-89FD-8FB0C3328338}.Debug|Any CPU.ActiveCfg = Debug|Any CPU
		{575BDF12-FB5F-4890-89FD-8FB0C3328338}.Debug|Any CPU.Build.0 = Debug|Any CPU
		{575BDF12-FB5F-4890-89FD-8FB0C3328338}.Debug|x64.ActiveCfg = Debug|Any CPU
		{575BDF12-FB5F-4890-89FD-8FB0C3328338}.Debug|x64.Build.0 = Debug|Any CPU
		{575BDF12-FB5F-4890-89FD-8FB0C3328338}.Release|Any CPU.ActiveCfg = Release|Any CPU
		{575BDF12-FB5F-4890-89FD-8FB0C3328338}.Release|Any CPU.Build.0 = Release|Any CPU
		{575BDF12-FB5F-4890-89FD-8FB0C3328338}.Release|x64.ActiveCfg = Release|Any CPU
		{575BDF12-FB5F-4890-89FD-8FB0C3328338}.Release|x64.Build.0 = Release|Any CPU
	EndGlobalSection
	GlobalSection(SolutionProperties) = preSolution
		HideSolutionNode = FALSE
	EndGlobalSection
	GlobalSection(NestedProjects) = preSolution
		{DE765B17-801E-48B7-9675-541C68FBF81D} = {73FA3BEF-3A2B-4B80-B108-0525980FF10F}
		{164C5693-0297-43BF-A36C-0C562EA7A4ED} = {018C277C-518E-4014-85D0-C3A543AFBC0D}
		{BD6BA942-ECB5-4DA3-A118-23EA33C08EF2} = {73FA3BEF-3A2B-4B80-B108-0525980FF10F}
		{BA579B1B-91E5-43EA-967D-3930D9A47652} = {018C277C-518E-4014-85D0-C3A543AFBC0D}
		{3F2C2927-B0B3-475D-9F0B-2BFBD9EB453E} = {9A7AEBD2-4409-49C1-9187-296F1F7B39BC}
		{23D8D281-AD8E-4AD2-9708-5EFFFB5CE2E2} = {018C277C-518E-4014-85D0-C3A543AFBC0D}
		{774ED658-2837-49A0-991E-1C85CFEE729E} = {C51785D8-4D9F-4EA3-A027-E6C27C40552D}
		{9385AE9C-2344-4427-BC20-3F77A9B2BEC5} = {C51785D8-4D9F-4EA3-A027-E6C27C40552D}
		{C434CDCA-9A18-4052-B3C3-F7B53D178FB8} = {C51785D8-4D9F-4EA3-A027-E6C27C40552D}
		{F1BDB7F3-A26E-408C-965C-1F3DDBBC4050} = {51D45B67-1B64-4F75-B07B-A36341DFEEAF}
		{EF605291-5F8C-4ABB-B6D7-4BA5D61E0C4D} = {51D45B67-1B64-4F75-B07B-A36341DFEEAF}
		{59ECCD65-4194-45D7-9F3A-F318C80E2EEA} = {51D45B67-1B64-4F75-B07B-A36341DFEEAF}
		{DCF36252-3774-4517-8913-9869E912D4CD} = {9A7AEBD2-4409-49C1-9187-296F1F7B39BC}
		{6D6E1DCD-218A-4466-B5C6-7CA5E7C8A7F7} = {C51785D8-4D9F-4EA3-A027-E6C27C40552D}
		{575BDF12-FB5F-4890-89FD-8FB0C3328338} = {51D45B67-1B64-4F75-B07B-A36341DFEEAF}
	EndGlobalSection
	GlobalSection(ExtensibilityGlobals) = postSolution
		EnterpriseLibraryConfigurationToolBinariesPathV6 = packages\EnterpriseLibrary.TransientFaultHandling.6.0.1304.0\lib\portable-net45+win+wp8;packages\EnterpriseLibrary.TransientFaultHandling.Data.6.0.1304.1\lib\NET45;packages\EnterpriseLibrary.Common.6.0.1304.0\lib\NET45;packages\EnterpriseLibrary.TransientFaultHandling.Caching.6.0.1304.0\lib\NET45;packages\EnterpriseLibrary.TransientFaultHandling.ServiceBus.6.0.1304.0\lib\NET45;packages\EnterpriseLibrary.TransientFaultHandling.WindowsAzure.Storage.6.0.1304.0\lib\NET45;packages\EnterpriseLibrary.TransientFaultHandling.Configuration.6.0.1304.0\lib\NET45;packages\EnterpriseLibrary.TransientFaultHandling.Data.6.0.1304.0\lib\NET45
		SolutionGuid = {261EFD84-68AA-4534-B65F-0A8BABE9C887}
	EndGlobalSection
EndGlobal
