
Microsoft Visual Studio Solution File, Format Version 12.00
# Visual Studio 14
VisualStudioVersion = 14.0.25420.1
MinimumVisualStudioVersion = 10.0.40219.1
Project("{A07B5EB6-E848-4116-A8D0-A826331D98C6}") = "Tailspin.SurveyAnswerService.Application", "Tailspin.SurveyAnswerService.Application\Tailspin.SurveyAnswerService.Application.sfproj", "{38AD8892-741C-448A-8D2D-38E2C7079892}"
EndProject
Project("{FAE04EC0-301F-11D3-BF4B-00C04F79EFBC}") = "Tailspin.SurveyAnswerService", "Tailspin.SurveyAnswerService\Tailspin.SurveyAnswerService.csproj", "{3C9B241C-B71F-46F1-9F1A-6F05DF466F00}"
EndProject
Project("{FAE04EC0-301F-11D3-BF4B-00C04F79EFBC}") = "Tailspin.SurveyAnswerService.Client", "Tailspin.SurveyAnswerService.Client\Tailspin.SurveyAnswerService.Client.csproj", "{EF605291-5F8C-4ABB-B6D7-4BA5D61E0C4D}"
EndProject
Project("{FAE04EC0-301F-11D3-BF4B-00C04F79EFBC}") = "Tailspin.SurveyAnswerService.Tests", "Tailspin.SurveyAnswerService.Tests\Tailspin.SurveyAnswerService.Tests.csproj", "{861CD918-CAC7-4A72-A602-AC367B14DD7D}"
EndProject
Project("{2150E333-8FDC-42A3-9474-1A3956D46DE8}") = "Tests", "Tests", "{B863CE60-2EBA-42B7-8617-F009FA62CC1D}"
EndProject
Project("{FAE04EC0-301F-11D3-BF4B-00C04F79EFBC}") = "Tailspin.SurveyAnswerService.AcceptanceTests", "Tailspin.SurveyAnswerService.AcceptanceTests\Tailspin.SurveyAnswerService.AcceptanceTests.csproj", "{010960E9-02E0-42AB-B74A-3548DBA9843D}"
EndProject
Global
	GlobalSection(SolutionConfigurationPlatforms) = preSolution
		Debug|Any CPU = Debug|Any CPU
		Debug|x64 = Debug|x64
		Release|Any CPU = Release|Any CPU
		Release|x64 = Release|x64
	EndGlobalSection
	GlobalSection(ProjectConfigurationPlatforms) = postSolution
		{38AD8892-741C-448A-8D2D-38E2C7079892}.Debug|Any CPU.ActiveCfg = Debug|x64
		{38AD8892-741C-448A-8D2D-38E2C7079892}.Debug|Any CPU.Build.0 = Debug|x64
		{38AD8892-741C-448A-8D2D-38E2C7079892}.Debug|x64.ActiveCfg = Debug|x64
		{38AD8892-741C-448A-8D2D-38E2C7079892}.Debug|x64.Build.0 = Debug|x64
		{38AD8892-741C-448A-8D2D-38E2C7079892}.Debug|x64.Deploy.0 = Debug|x64
		{38AD8892-741C-448A-8D2D-38E2C7079892}.Release|Any CPU.ActiveCfg = Release|x64
		{38AD8892-741C-448A-8D2D-38E2C7079892}.Release|Any CPU.Build.0 = Release|x64
		{38AD8892-741C-448A-8D2D-38E2C7079892}.Release|x64.ActiveCfg = Release|x64
		{38AD8892-741C-448A-8D2D-38E2C7079892}.Release|x64.Build.0 = Release|x64
		{38AD8892-741C-448A-8D2D-38E2C7079892}.Release|x64.Deploy.0 = Release|x64
		{3C9B241C-B71F-46F1-9F1A-6F05DF466F00}.Debug|Any CPU.ActiveCfg = Debug|x64
		{3C9B241C-B71F-46F1-9F1A-6F05DF466F00}.Debug|Any CPU.Build.0 = Debug|x64
		{3C9B241C-B71F-46F1-9F1A-6F05DF466F00}.Debug|x64.ActiveCfg = Debug|x64
		{3C9B241C-B71F-46F1-9F1A-6F05DF466F00}.Debug|x64.Build.0 = Debug|x64
		{3C9B241C-B71F-46F1-9F1A-6F05DF466F00}.Release|Any CPU.ActiveCfg = Release|x64
		{3C9B241C-B71F-46F1-9F1A-6F05DF466F00}.Release|Any CPU.Build.0 = Release|x64
		{3C9B241C-B71F-46F1-9F1A-6F05DF466F00}.Release|x64.ActiveCfg = Release|x64
		{3C9B241C-B71F-46F1-9F1A-6F05DF466F00}.Release|x64.Build.0 = Release|x64
		{EF605291-5F8C-4ABB-B6D7-4BA5D61E0C4D}.Debug|Any CPU.ActiveCfg = Debug|x64
		{EF605291-5F8C-4ABB-B6D7-4BA5D61E0C4D}.Debug|Any CPU.Build.0 = Debug|x64
		{EF605291-5F8C-4ABB-B6D7-4BA5D61E0C4D}.Debug|x64.ActiveCfg = Debug|x64
		{EF605291-5F8C-4ABB-B6D7-4BA5D61E0C4D}.Debug|x64.Build.0 = Debug|x64
		{EF605291-5F8C-4ABB-B6D7-4BA5D61E0C4D}.Release|Any CPU.ActiveCfg = Release|x64
		{EF605291-5F8C-4ABB-B6D7-4BA5D61E0C4D}.Release|Any CPU.Build.0 = Release|x64
		{EF605291-5F8C-4ABB-B6D7-4BA5D61E0C4D}.Release|x64.ActiveCfg = Release|x64
		{EF605291-5F8C-4ABB-B6D7-4BA5D61E0C4D}.Release|x64.Build.0 = Release|x64
		{861CD918-CAC7-4A72-A602-AC367B14DD7D}.Debug|Any CPU.ActiveCfg = Debug|Any CPU
		{861CD918-CAC7-4A72-A602-AC367B14DD7D}.Debug|Any CPU.Build.0 = Debug|Any CPU
		{861CD918-CAC7-4A72-A602-AC367B14DD7D}.Debug|x64.ActiveCfg = Debug|x64
		{861CD918-CAC7-4A72-A602-AC367B14DD7D}.Debug|x64.Build.0 = Debug|x64
		{861CD918-CAC7-4A72-A602-AC367B14DD7D}.Release|Any CPU.ActiveCfg = Release|Any CPU
		{861CD918-CAC7-4A72-A602-AC367B14DD7D}.Release|Any CPU.Build.0 = Release|Any CPU
		{861CD918-CAC7-4A72-A602-AC367B14DD7D}.Release|x64.ActiveCfg = Release|x64
		{861CD918-CAC7-4A72-A602-AC367B14DD7D}.Release|x64.Build.0 = Release|x64
		{010960E9-02E0-42AB-B74A-3548DBA9843D}.Debug|Any CPU.ActiveCfg = Debug|Any CPU
		{010960E9-02E0-42AB-B74A-3548DBA9843D}.Debug|Any CPU.Build.0 = Debug|Any CPU
		{010960E9-02E0-42AB-B74A-3548DBA9843D}.Debug|x64.ActiveCfg = Debug|Any CPU
		{010960E9-02E0-42AB-B74A-3548DBA9843D}.Debug|x64.Build.0 = Debug|Any CPU
		{010960E9-02E0-42AB-B74A-3548DBA9843D}.Release|Any CPU.ActiveCfg = Release|Any CPU
		{010960E9-02E0-42AB-B74A-3548DBA9843D}.Release|Any CPU.Build.0 = Release|Any CPU
		{010960E9-02E0-42AB-B74A-3548DBA9843D}.Release|x64.ActiveCfg = Release|Any CPU
		{010960E9-02E0-42AB-B74A-3548DBA9843D}.Release|x64.Build.0 = Release|Any CPU
	EndGlobalSection
	GlobalSection(SolutionProperties) = preSolution
		HideSolutionNode = FALSE
	EndGlobalSection
	GlobalSection(NestedProjects) = preSolution
		{861CD918-CAC7-4A72-A602-AC367B14DD7D} = {B863CE60-2EBA-42B7-8617-F009FA62CC1D}
		{010960E9-02E0-42AB-B74A-3548DBA9843D} = {B863CE60-2EBA-42B7-8617-F009FA62CC1D}
	EndGlobalSection
EndGlobal
