
Microsoft Visual Studio Solution File, Format Version 12.00
# Visual Studio 15
VisualStudioVersion = 15.0.26114.2
MinimumVisualStudioVersion = 10.0.40219.1
Project("{A07B5EB6-E848-4116-A8D0-A826331D98C6}") = "Tailspin", "Tailspin\Tailspin.sfproj", "{E4B4287B-F19D-4C12-9C24-71699C395EB0}"
EndProject
Project("{FAE04EC0-301F-11D3-BF4B-00C04F79EFBC}") = "Tailspin.Web.Survey.Shared", "Tailspin.Web.Survey.Shared\Tailspin.Web.Survey.Shared.csproj", "{A6CCDFCB-108E-4F74-8691-12434A04679C}"
EndProject
Project("{FAE04EC0-301F-11D3-BF4B-00C04F79EFBC}") = "Tailspin.Web.Survey.Shared.Tests", "Tailspin.Web.Survey.Shared.Tests\Tailspin.Web.Survey.Shared.Tests.csproj", "{79F7DCA9-E6D9-406F-A76F-DC31558CE8FD}"
EndProject
Project("{2150E333-8FDC-42A3-9474-1A3956D46DE8}") = "Tests", "Tests", "{018C277C-518E-4014-85D0-C3A543AFBC0D}"
EndProject
Project("{FAE04EC0-301F-11D3-BF4B-00C04F79EFBC}") = "Tailspin.Web.AcceptanceTests", "Tailspin.Web.AcceptanceTests\Tailspin.Web.AcceptanceTests.csproj", "{83C40984-784A-4DDD-8E23-EB860FE953D8}"
EndProject
Project("{FAE04EC0-301F-11D3-BF4B-00C04F79EFBC}") = "Tailspin.AnswerAnalysisService.Tests", "Tailspin.AnswerAnalysisService.Tests\Tailspin.AnswerAnalysisService.Tests.csproj", "{5E8459A6-A712-46B1-8B77-2D96C965EC53}"
EndProject
Project("{FAE04EC0-301F-11D3-BF4B-00C04F79EFBC}") = "Tailspin.AnswerAnalysisService", "Tailspin.AnswerAnalysisService\Tailspin.AnswerAnalysisService.csproj", "{E341786A-5976-4B6E-9FAA-A09804CEC6FE}"
EndProject
Project("{FAE04EC0-301F-11D3-BF4B-00C04F79EFBC}") = "Tailspin.Web", "Tailspin.Web\Tailspin.Web.csproj", "{AD67AF03-4539-4830-BF4A-A07BD9F645C8}"
EndProject
Project("{FAE04EC0-301F-11D3-BF4B-00C04F79EFBC}") = "Tailspin.Web.Survey.Public", "Tailspin.Web.Survey.Public\Tailspin.Web.Survey.Public.csproj", "{4AA61EA7-E25D-42D1-B859-142285BE1680}"
EndProject
Project("{FAE04EC0-301F-11D3-BF4B-00C04F79EFBC}") = "Tailspin.Web.Survey.Public.Tests", "Tailspin.Web.Survey.Public.Tests\Tailspin.Web.Survey.Public.Tests.csproj", "{6587B9D6-D225-4A44-B3DF-FF550A8136F8}"
EndProject
Project("{FAE04EC0-301F-11D3-BF4B-00C04F79EFBC}") = "Tailspin.Web.Tests", "Tailspin.Web.Tests\Tailspin.Web.Tests.csproj", "{ACFA7B9C-A96D-47D1-AD8D-38C9FFC60C1D}"
EndProject
Global
	GlobalSection(SolutionConfigurationPlatforms) = preSolution
		Debug|Any CPU = Debug|Any CPU
		Debug|x64 = Debug|x64
		Release|Any CPU = Release|Any CPU
		Release|x64 = Release|x64
	EndGlobalSection
	GlobalSection(ProjectConfigurationPlatforms) = postSolution
		{E4B4287B-F19D-4C12-9C24-71699C395EB0}.Debug|Any CPU.ActiveCfg = Debug|x64
		{E4B4287B-F19D-4C12-9C24-71699C395EB0}.Debug|Any CPU.Build.0 = Debug|x64
		{E4B4287B-F19D-4C12-9C24-71699C395EB0}.Debug|Any CPU.Deploy.0 = Debug|x64
		{E4B4287B-F19D-4C12-9C24-71699C395EB0}.Debug|x64.ActiveCfg = Debug|x64
		{E4B4287B-F19D-4C12-9C24-71699C395EB0}.Debug|x64.Build.0 = Debug|x64
		{E4B4287B-F19D-4C12-9C24-71699C395EB0}.Debug|x64.Deploy.0 = Debug|x64
		{E4B4287B-F19D-4C12-9C24-71699C395EB0}.Release|Any CPU.ActiveCfg = Release|x64
		{E4B4287B-F19D-4C12-9C24-71699C395EB0}.Release|x64.ActiveCfg = Release|x64
		{E4B4287B-F19D-4C12-9C24-71699C395EB0}.Release|x64.Build.0 = Release|x64
		{E4B4287B-F19D-4C12-9C24-71699C395EB0}.Release|x64.Deploy.0 = Release|x64
		{A6CCDFCB-108E-4F74-8691-12434A04679C}.Debug|Any CPU.ActiveCfg = Debug|x64
		{A6CCDFCB-108E-4F74-8691-12434A04679C}.Debug|Any CPU.Build.0 = Debug|x64
		{A6CCDFCB-108E-4F74-8691-12434A04679C}.Debug|x64.ActiveCfg = Debug|x64
		{A6CCDFCB-108E-4F74-8691-12434A04679C}.Debug|x64.Build.0 = Debug|x64
		{A6CCDFCB-108E-4F74-8691-12434A04679C}.Release|Any CPU.ActiveCfg = Release|Any CPU
		{A6CCDFCB-108E-4F74-8691-12434A04679C}.Release|Any CPU.Build.0 = Release|Any CPU
		{A6CCDFCB-108E-4F74-8691-12434A04679C}.Release|x64.ActiveCfg = Release|Any CPU
		{A6CCDFCB-108E-4F74-8691-12434A04679C}.Release|x64.Build.0 = Release|Any CPU
		{79F7DCA9-E6D9-406F-A76F-DC31558CE8FD}.Debug|Any CPU.ActiveCfg = Debug|Any CPU
		{79F7DCA9-E6D9-406F-A76F-DC31558CE8FD}.Debug|Any CPU.Build.0 = Debug|Any CPU
		{79F7DCA9-E6D9-406F-A76F-DC31558CE8FD}.Debug|x64.ActiveCfg = Debug|Any CPU
		{79F7DCA9-E6D9-406F-A76F-DC31558CE8FD}.Debug|x64.Build.0 = Debug|Any CPU
		{79F7DCA9-E6D9-406F-A76F-DC31558CE8FD}.Release|Any CPU.ActiveCfg = Release|Any CPU
		{79F7DCA9-E6D9-406F-A76F-DC31558CE8FD}.Release|Any CPU.Build.0 = Release|Any CPU
		{79F7DCA9-E6D9-406F-A76F-DC31558CE8FD}.Release|x64.ActiveCfg = Release|Any CPU
		{79F7DCA9-E6D9-406F-A76F-DC31558CE8FD}.Release|x64.Build.0 = Release|Any CPU
		{83C40984-784A-4DDD-8E23-EB860FE953D8}.Debug|Any CPU.ActiveCfg = Debug|Any CPU
		{83C40984-784A-4DDD-8E23-EB860FE953D8}.Debug|Any CPU.Build.0 = Debug|Any CPU
		{83C40984-784A-4DDD-8E23-EB860FE953D8}.Debug|x64.ActiveCfg = Debug|Any CPU
		{83C40984-784A-4DDD-8E23-EB860FE953D8}.Debug|x64.Build.0 = Debug|Any CPU
		{83C40984-784A-4DDD-8E23-EB860FE953D8}.Release|Any CPU.ActiveCfg = Release|Any CPU
		{83C40984-784A-4DDD-8E23-EB860FE953D8}.Release|Any CPU.Build.0 = Release|Any CPU
		{83C40984-784A-4DDD-8E23-EB860FE953D8}.Release|x64.ActiveCfg = Release|Any CPU
		{83C40984-784A-4DDD-8E23-EB860FE953D8}.Release|x64.Build.0 = Release|Any CPU
		{5E8459A6-A712-46B1-8B77-2D96C965EC53}.Debug|Any CPU.ActiveCfg = Debug|Any CPU
		{5E8459A6-A712-46B1-8B77-2D96C965EC53}.Debug|Any CPU.Build.0 = Debug|Any CPU
		{5E8459A6-A712-46B1-8B77-2D96C965EC53}.Debug|x64.ActiveCfg = Debug|Any CPU
		{5E8459A6-A712-46B1-8B77-2D96C965EC53}.Debug|x64.Build.0 = Debug|Any CPU
		{5E8459A6-A712-46B1-8B77-2D96C965EC53}.Release|Any CPU.ActiveCfg = Release|Any CPU
		{5E8459A6-A712-46B1-8B77-2D96C965EC53}.Release|Any CPU.Build.0 = Release|Any CPU
		{5E8459A6-A712-46B1-8B77-2D96C965EC53}.Release|x64.ActiveCfg = Release|Any CPU
		{5E8459A6-A712-46B1-8B77-2D96C965EC53}.Release|x64.Build.0 = Release|Any CPU
		{E341786A-5976-4B6E-9FAA-A09804CEC6FE}.Debug|Any CPU.ActiveCfg = Debug|Any CPU
		{E341786A-5976-4B6E-9FAA-A09804CEC6FE}.Debug|Any CPU.Build.0 = Debug|Any CPU
		{E341786A-5976-4B6E-9FAA-A09804CEC6FE}.Debug|x64.ActiveCfg = Debug|x64
		{E341786A-5976-4B6E-9FAA-A09804CEC6FE}.Debug|x64.Build.0 = Debug|x64
		{E341786A-5976-4B6E-9FAA-A09804CEC6FE}.Release|Any CPU.ActiveCfg = Release|Any CPU
		{E341786A-5976-4B6E-9FAA-A09804CEC6FE}.Release|Any CPU.Build.0 = Release|Any CPU
		{E341786A-5976-4B6E-9FAA-A09804CEC6FE}.Release|x64.ActiveCfg = Release|x64
		{E341786A-5976-4B6E-9FAA-A09804CEC6FE}.Release|x64.Build.0 = Release|x64
		{AD67AF03-4539-4830-BF4A-A07BD9F645C8}.Debug|Any CPU.ActiveCfg = Debug|Any CPU
		{AD67AF03-4539-4830-BF4A-A07BD9F645C8}.Debug|Any CPU.Build.0 = Debug|Any CPU
		{AD67AF03-4539-4830-BF4A-A07BD9F645C8}.Debug|x64.ActiveCfg = Debug|Any CPU
		{AD67AF03-4539-4830-BF4A-A07BD9F645C8}.Debug|x64.Build.0 = Debug|Any CPU
		{AD67AF03-4539-4830-BF4A-A07BD9F645C8}.Release|Any CPU.ActiveCfg = Release|Any CPU
		{AD67AF03-4539-4830-BF4A-A07BD9F645C8}.Release|Any CPU.Build.0 = Release|Any CPU
		{AD67AF03-4539-4830-BF4A-A07BD9F645C8}.Release|x64.ActiveCfg = Release|Any CPU
		{AD67AF03-4539-4830-BF4A-A07BD9F645C8}.Release|x64.Build.0 = Release|Any CPU
		{4AA61EA7-E25D-42D1-B859-142285BE1680}.Debug|Any CPU.ActiveCfg = Debug|Any CPU
		{4AA61EA7-E25D-42D1-B859-142285BE1680}.Debug|Any CPU.Build.0 = Debug|Any CPU
		{4AA61EA7-E25D-42D1-B859-142285BE1680}.Debug|x64.ActiveCfg = Debug|Any CPU
		{4AA61EA7-E25D-42D1-B859-142285BE1680}.Debug|x64.Build.0 = Debug|Any CPU
		{4AA61EA7-E25D-42D1-B859-142285BE1680}.Release|Any CPU.ActiveCfg = Release|Any CPU
		{4AA61EA7-E25D-42D1-B859-142285BE1680}.Release|Any CPU.Build.0 = Release|Any CPU
		{4AA61EA7-E25D-42D1-B859-142285BE1680}.Release|x64.ActiveCfg = Release|Any CPU
		{4AA61EA7-E25D-42D1-B859-142285BE1680}.Release|x64.Build.0 = Release|Any CPU
		{6587B9D6-D225-4A44-B3DF-FF550A8136F8}.Debug|Any CPU.ActiveCfg = Debug|Any CPU
		{6587B9D6-D225-4A44-B3DF-FF550A8136F8}.Debug|Any CPU.Build.0 = Debug|Any CPU
		{6587B9D6-D225-4A44-B3DF-FF550A8136F8}.Debug|x64.ActiveCfg = Debug|Any CPU
		{6587B9D6-D225-4A44-B3DF-FF550A8136F8}.Debug|x64.Build.0 = Debug|Any CPU
		{6587B9D6-D225-4A44-B3DF-FF550A8136F8}.Release|Any CPU.ActiveCfg = Release|Any CPU
		{6587B9D6-D225-4A44-B3DF-FF550A8136F8}.Release|Any CPU.Build.0 = Release|Any CPU
		{6587B9D6-D225-4A44-B3DF-FF550A8136F8}.Release|x64.ActiveCfg = Release|Any CPU
		{6587B9D6-D225-4A44-B3DF-FF550A8136F8}.Release|x64.Build.0 = Release|Any CPU
		{ACFA7B9C-A96D-47D1-AD8D-38C9FFC60C1D}.Debug|Any CPU.ActiveCfg = Debug|Any CPU
		{ACFA7B9C-A96D-47D1-AD8D-38C9FFC60C1D}.Debug|Any CPU.Build.0 = Debug|Any CPU
		{ACFA7B9C-A96D-47D1-AD8D-38C9FFC60C1D}.Debug|x64.ActiveCfg = Debug|Any CPU
		{ACFA7B9C-A96D-47D1-AD8D-38C9FFC60C1D}.Debug|x64.Build.0 = Debug|Any CPU
		{ACFA7B9C-A96D-47D1-AD8D-38C9FFC60C1D}.Release|Any CPU.ActiveCfg = Release|Any CPU
		{ACFA7B9C-A96D-47D1-AD8D-38C9FFC60C1D}.Release|Any CPU.Build.0 = Release|Any CPU
		{ACFA7B9C-A96D-47D1-AD8D-38C9FFC60C1D}.Release|x64.ActiveCfg = Release|Any CPU
		{ACFA7B9C-A96D-47D1-AD8D-38C9FFC60C1D}.Release|x64.Build.0 = Release|Any CPU
	EndGlobalSection
	GlobalSection(SolutionProperties) = preSolution
		HideSolutionNode = FALSE
	EndGlobalSection
	GlobalSection(NestedProjects) = preSolution
		{79F7DCA9-E6D9-406F-A76F-DC31558CE8FD} = {018C277C-518E-4014-85D0-C3A543AFBC0D}
		{83C40984-784A-4DDD-8E23-EB860FE953D8} = {018C277C-518E-4014-85D0-C3A543AFBC0D}
		{5E8459A6-A712-46B1-8B77-2D96C965EC53} = {018C277C-518E-4014-85D0-C3A543AFBC0D}
	EndGlobalSection
	GlobalSection(ExtensibilityGlobals) = postSolution
		EnterpriseLibraryConfigurationToolBinariesPathV6 = packages\EnterpriseLibrary.TransientFaultHandling.6.0.1304.0\lib\portable-net45+win+wp8;packages\EnterpriseLibrary.TransientFaultHandling.Data.6.0.1304.1\lib\NET45;packages\EnterpriseLibrary.Common.6.0.1304.0\lib\NET45;packages\EnterpriseLibrary.TransientFaultHandling.Caching.6.0.1304.0\lib\NET45;packages\EnterpriseLibrary.TransientFaultHandling.ServiceBus.6.0.1304.0\lib\NET45;packages\EnterpriseLibrary.TransientFaultHandling.WindowsAzure.Storage.6.0.1304.0\lib\NET45;packages\EnterpriseLibrary.TransientFaultHandling.Configuration.6.0.1304.0\lib\NET45;packages\EnterpriseLibrary.TransientFaultHandling.Data.6.0.1304.0\lib\NET45
	EndGlobalSection
EndGlobal
