
Microsoft Visual Studio Solution File, Format Version 12.00
# Visual Studio 14
VisualStudioVersion = 14.0.25420.1
MinimumVisualStudioVersion = 10.0.40219.1
Project("{2150E333-8FDC-42A3-9474-1A3956D46DE8}") = "Tests", "Tests", "{B7122D78-30B8-42EB-BD11-4421933A63F7}"
EndProject
Project("{2150E333-8FDC-42A3-9474-1A3956D46DE8}") = "Solution Items", "Solution Items", "{41E2703E-DB80-40EA-9D37-0AC248FC3177}"
	ProjectSection(SolutionItems) = preProject
		Local.testsettings = Local.testsettings
		Tailspin.vsmdi = Tailspin.vsmdi
	EndProjectSection
EndProject
Project("{2150E333-8FDC-42A3-9474-1A3956D46DE8}") = "TenantExtensions", "TenantExtensions", "{FDCD2A7F-760E-465C-B10A-7FC32A21EF21}"
EndProject
Project("{CC5FD16D-436D-48AD-A40C-5A424C6E3E79}") = "Tailspin.Cloud", "Tailspin.Cloud\Tailspin.Cloud.ccproj", "{1031CB72-3B13-4226-813F-97EA7CF9B2CF}"
EndProject
Project("{FAE04EC0-301F-11D3-BF4B-00C04F79EFBC}") = "Tailspin.Web", "Tailspin.Web\Tailspin.Web.csproj", "{191946E4-4C1F-4CF4-A4AD-26C86B0E0D2E}"
EndProject
Project("{FAE04EC0-301F-11D3-BF4B-00C04F79EFBC}") = "Tailspin.Web.Tests", "Tailspin.Web.Tests\Tailspin.Web.Tests.csproj", "{EB28BA43-B790-45D5-BB3C-7AF9958406C0}"
EndProject
Project("{FAE04EC0-301F-11D3-BF4B-00C04F79EFBC}") = "Tailspin.Web.AcceptanceTests", "Tailspin.Web.AcceptanceTests\Tailspin.Web.AcceptanceTests.csproj", "{83C40984-784A-4DDD-8E23-EB860FE953D8}"
EndProject
Project("{FAE04EC0-301F-11D3-BF4B-00C04F79EFBC}") = "Tailspin.Web.Survey.Public", "Tailspin.Web.Survey.Public\Tailspin.Web.Survey.Public.csproj", "{98167766-B6DE-43EF-82DE-00ED592047EA}"
EndProject
Project("{FAE04EC0-301F-11D3-BF4B-00C04F79EFBC}") = "Tailspin.Web.Survey.Public.Tests", "Tailspin.Web.Survey.Public.Tests\Tailspin.Web.Survey.Public.Tests.csproj", "{A4B8FA2E-A89A-48F7-9EBC-64611DA536DC}"
EndProject
Project("{FAE04EC0-301F-11D3-BF4B-00C04F79EFBC}") = "Tailspin.Web.Survey.Shared", "Tailspin.Web.Survey.Shared\Tailspin.Web.Survey.Shared.csproj", "{A6CCDFCB-108E-4F74-8691-12434A04679C}"
EndProject
Project("{FAE04EC0-301F-11D3-BF4B-00C04F79EFBC}") = "Tailspin.Web.Survey.Shared.Tests", "Tailspin.Web.Survey.Shared.Tests\Tailspin.Web.Survey.Shared.Tests.csproj", "{79F7DCA9-E6D9-406F-A76F-DC31558CE8FD}"
EndProject
Project("{FAE04EC0-301F-11D3-BF4B-00C04F79EFBC}") = "Tailspin.Workers.Surveys", "Tailspin.Workers.Surveys\Tailspin.Workers.Surveys.csproj", "{4CA3ABFD-DE77-4BFF-BAFE-84351C700E5B}"
EndProject
Project("{FAE04EC0-301F-11D3-BF4B-00C04F79EFBC}") = "Tailspin.Workers.Surveys.Tests", "Tailspin.Workers.Surveys.Tests\Tailspin.Workers.Surveys.Tests.csproj", "{5E8459A6-A712-46B1-8B77-2D96C965EC53}"
EndProject
Project("{FAE04EC0-301F-11D3-BF4B-00C04F79EFBC}") = "Adatum.ModelExtensions", "..\TenantExtensions\Adatum.ModelExtensions\Adatum.ModelExtensions.csproj", "{FE80D7DE-66FA-4005-BC7B-8B00940ADF29}"
EndProject
Project("{FAE04EC0-301F-11D3-BF4B-00C04F79EFBC}") = "Fabrikam.ModelExtensions", "..\TenantExtensions\Fabrikam.ModelExtensions\Fabrikam.ModelExtensions.csproj", "{C8145881-0F9D-4770-A0D9-D3A5594F7D24}"
EndProject
Project("{FAE04EC0-301F-11D3-BF4B-00C04F79EFBC}") = "Tailspin.Web.Survey.Extensibility", "Tailspin.Web.Survey.Extensibility\Tailspin.Web.Survey.Extensibility.csproj", "{C7158292-C924-47D2-892E-658459FFB434}"
EndProject
Global
	GlobalSection(SolutionConfigurationPlatforms) = preSolution
		Debug|Any CPU = Debug|Any CPU
		Release|Any CPU = Release|Any CPU
	EndGlobalSection
	GlobalSection(ProjectConfigurationPlatforms) = postSolution
		{1031CB72-3B13-4226-813F-97EA7CF9B2CF}.Debug|Any CPU.ActiveCfg = Debug|Any CPU
		{1031CB72-3B13-4226-813F-97EA7CF9B2CF}.Debug|Any CPU.Build.0 = Debug|Any CPU
		{1031CB72-3B13-4226-813F-97EA7CF9B2CF}.Release|Any CPU.ActiveCfg = Release|Any CPU
		{1031CB72-3B13-4226-813F-97EA7CF9B2CF}.Release|Any CPU.Build.0 = Release|Any CPU
		{191946E4-4C1F-4CF4-A4AD-26C86B0E0D2E}.Debug|Any CPU.ActiveCfg = Debug|Any CPU
		{191946E4-4C1F-4CF4-A4AD-26C86B0E0D2E}.Debug|Any CPU.Build.0 = Debug|Any CPU
		{191946E4-4C1F-4CF4-A4AD-26C86B0E0D2E}.Release|Any CPU.ActiveCfg = Release|Any CPU
		{191946E4-4C1F-4CF4-A4AD-26C86B0E0D2E}.Release|Any CPU.Build.0 = Release|Any CPU
		{EB28BA43-B790-45D5-BB3C-7AF9958406C0}.Debug|Any CPU.ActiveCfg = Debug|Any CPU
		{EB28BA43-B790-45D5-BB3C-7AF9958406C0}.Debug|Any CPU.Build.0 = Debug|Any CPU
		{EB28BA43-B790-45D5-BB3C-7AF9958406C0}.Release|Any CPU.ActiveCfg = Release|Any CPU
		{EB28BA43-B790-45D5-BB3C-7AF9958406C0}.Release|Any CPU.Build.0 = Release|Any CPU
		{83C40984-784A-4DDD-8E23-EB860FE953D8}.Debug|Any CPU.ActiveCfg = Debug|Any CPU
		{83C40984-784A-4DDD-8E23-EB860FE953D8}.Debug|Any CPU.Build.0 = Debug|Any CPU
		{83C40984-784A-4DDD-8E23-EB860FE953D8}.Release|Any CPU.ActiveCfg = Release|Any CPU
		{83C40984-784A-4DDD-8E23-EB860FE953D8}.Release|Any CPU.Build.0 = Release|Any CPU
		{98167766-B6DE-43EF-82DE-00ED592047EA}.Debug|Any CPU.ActiveCfg = Debug|Any CPU
		{98167766-B6DE-43EF-82DE-00ED592047EA}.Debug|Any CPU.Build.0 = Debug|Any CPU
		{98167766-B6DE-43EF-82DE-00ED592047EA}.Release|Any CPU.ActiveCfg = Release|Any CPU
		{98167766-B6DE-43EF-82DE-00ED592047EA}.Release|Any CPU.Build.0 = Release|Any CPU
		{A4B8FA2E-A89A-48F7-9EBC-64611DA536DC}.Debug|Any CPU.ActiveCfg = Debug|Any CPU
		{A4B8FA2E-A89A-48F7-9EBC-64611DA536DC}.Debug|Any CPU.Build.0 = Debug|Any CPU
		{A4B8FA2E-A89A-48F7-9EBC-64611DA536DC}.Release|Any CPU.ActiveCfg = Release|Any CPU
		{A4B8FA2E-A89A-48F7-9EBC-64611DA536DC}.Release|Any CPU.Build.0 = Release|Any CPU
		{A6CCDFCB-108E-4F74-8691-12434A04679C}.Debug|Any CPU.ActiveCfg = Debug|Any CPU
		{A6CCDFCB-108E-4F74-8691-12434A04679C}.Debug|Any CPU.Build.0 = Debug|Any CPU
		{A6CCDFCB-108E-4F74-8691-12434A04679C}.Release|Any CPU.ActiveCfg = Release|Any CPU
		{A6CCDFCB-108E-4F74-8691-12434A04679C}.Release|Any CPU.Build.0 = Release|Any CPU
		{79F7DCA9-E6D9-406F-A76F-DC31558CE8FD}.Debug|Any CPU.ActiveCfg = Debug|Any CPU
		{79F7DCA9-E6D9-406F-A76F-DC31558CE8FD}.Debug|Any CPU.Build.0 = Debug|Any CPU
		{79F7DCA9-E6D9-406F-A76F-DC31558CE8FD}.Release|Any CPU.ActiveCfg = Release|Any CPU
		{79F7DCA9-E6D9-406F-A76F-DC31558CE8FD}.Release|Any CPU.Build.0 = Release|Any CPU
		{4CA3ABFD-DE77-4BFF-BAFE-84351C700E5B}.Debug|Any CPU.ActiveCfg = Debug|Any CPU
		{4CA3ABFD-DE77-4BFF-BAFE-84351C700E5B}.Debug|Any CPU.Build.0 = Debug|Any CPU
		{4CA3ABFD-DE77-4BFF-BAFE-84351C700E5B}.Release|Any CPU.ActiveCfg = Release|Any CPU
		{4CA3ABFD-DE77-4BFF-BAFE-84351C700E5B}.Release|Any CPU.Build.0 = Release|Any CPU
		{5E8459A6-A712-46B1-8B77-2D96C965EC53}.Debug|Any CPU.ActiveCfg = Debug|Any CPU
		{5E8459A6-A712-46B1-8B77-2D96C965EC53}.Debug|Any CPU.Build.0 = Debug|Any CPU
		{5E8459A6-A712-46B1-8B77-2D96C965EC53}.Release|Any CPU.ActiveCfg = Release|Any CPU
		{5E8459A6-A712-46B1-8B77-2D96C965EC53}.Release|Any CPU.Build.0 = Release|Any CPU
		{FE80D7DE-66FA-4005-BC7B-8B00940ADF29}.Debug|Any CPU.ActiveCfg = Debug|Any CPU
		{FE80D7DE-66FA-4005-BC7B-8B00940ADF29}.Debug|Any CPU.Build.0 = Debug|Any CPU
		{FE80D7DE-66FA-4005-BC7B-8B00940ADF29}.Release|Any CPU.ActiveCfg = Release|Any CPU
		{FE80D7DE-66FA-4005-BC7B-8B00940ADF29}.Release|Any CPU.Build.0 = Release|Any CPU
		{C8145881-0F9D-4770-A0D9-D3A5594F7D24}.Debug|Any CPU.ActiveCfg = Debug|Any CPU
		{C8145881-0F9D-4770-A0D9-D3A5594F7D24}.Debug|Any CPU.Build.0 = Debug|Any CPU
		{C8145881-0F9D-4770-A0D9-D3A5594F7D24}.Release|Any CPU.ActiveCfg = Release|Any CPU
		{C8145881-0F9D-4770-A0D9-D3A5594F7D24}.Release|Any CPU.Build.0 = Release|Any CPU
		{C7158292-C924-47D2-892E-658459FFB434}.Debug|Any CPU.ActiveCfg = Debug|Any CPU
		{C7158292-C924-47D2-892E-658459FFB434}.Debug|Any CPU.Build.0 = Debug|Any CPU
		{C7158292-C924-47D2-892E-658459FFB434}.Release|Any CPU.ActiveCfg = Release|Any CPU
		{C7158292-C924-47D2-892E-658459FFB434}.Release|Any CPU.Build.0 = Release|Any CPU
	EndGlobalSection
	GlobalSection(SolutionProperties) = preSolution
		HideSolutionNode = FALSE
	EndGlobalSection
	GlobalSection(NestedProjects) = preSolution
		{41E2703E-DB80-40EA-9D37-0AC248FC3177} = {B7122D78-30B8-42EB-BD11-4421933A63F7}
		{EB28BA43-B790-45D5-BB3C-7AF9958406C0} = {B7122D78-30B8-42EB-BD11-4421933A63F7}
		{83C40984-784A-4DDD-8E23-EB860FE953D8} = {B7122D78-30B8-42EB-BD11-4421933A63F7}
		{A4B8FA2E-A89A-48F7-9EBC-64611DA536DC} = {B7122D78-30B8-42EB-BD11-4421933A63F7}
		{79F7DCA9-E6D9-406F-A76F-DC31558CE8FD} = {B7122D78-30B8-42EB-BD11-4421933A63F7}
		{5E8459A6-A712-46B1-8B77-2D96C965EC53} = {B7122D78-30B8-42EB-BD11-4421933A63F7}
		{FE80D7DE-66FA-4005-BC7B-8B00940ADF29} = {FDCD2A7F-760E-465C-B10A-7FC32A21EF21}
		{C8145881-0F9D-4770-A0D9-D3A5594F7D24} = {FDCD2A7F-760E-465C-B10A-7FC32A21EF21}
	EndGlobalSection
	GlobalSection(ExtensibilityGlobals) = postSolution
		EnterpriseLibraryConfigurationToolBinariesPathV6 = packages\EnterpriseLibrary.Common.6.0.1304.0\lib\NET45;packages\EnterpriseLibrary.TransientFaultHandling.6.0.1304.0\lib\portable-net45+win+wp8;packages\EnterpriseLibrary.TransientFaultHandling.Data.6.0.1304.1\lib\NET45;packages\EnterpriseLibrary.TransientFaultHandling.Caching.6.0.1304.0\lib\NET45;packages\EnterpriseLibrary.TransientFaultHandling.ServiceBus.6.0.1304.0\lib\NET45;packages\EnterpriseLibrary.TransientFaultHandling.WindowsAzure.Storage.6.0.1304.0\lib\NET45;packages\EnterpriseLibrary.TransientFaultHandling.Configuration.6.0.1304.0\lib\NET45
		EnterpriseLibraryConfigurationToolBinariesPath = packages\Unity.2.1.505.2\lib\NET35;packages\Unity.Interception.2.1.505.2\lib\NET35;packages\EnterpriseLibrary.Common.5.0.505.0\lib\NET35;packages\TransientFaultHandling.Core.5.0.1118.2\lib\NET35;packages\EnterpriseLibrary.WindowsAzure.TransientFaultHandling.5.0.1118.2\lib\NET4;packages\EnterpriseLibrary.WindowsAzure.TransientFaultHandling.5.0.1118.2\DesignTime;packages\EnterpriseLibrary.WindowsAzure.TransientFaultHandling.5.0.1208.2\lib\NET4;packages\EnterpriseLibrary.WindowsAzure.TransientFaultHandling.5.0.1208.2\DesignTime;packages\TransientFaultHandling.Core.5.1.1209.1\lib\NET4;packages\EnterpriseLibrary.WindowsAzure.TransientFaultHandling.5.1.1212.0\lib\NET4;packages\EnterpriseLibrary.WindowsAzure.TransientFaultHandling.5.1.1212.0\DesignTime
	EndGlobalSection
	GlobalSection(TestCaseManagementSettings) = postSolution
		CategoryFile = Tailspin.vsmdi
	EndGlobalSection
EndGlobal
